
Microsoft Visual Studio Solution File, Format Version 12.00
# Visual Studio Version 16
VisualStudioVersion = 16.0.30413.136
MinimumVisualStudioVersion = 10.0.40219.1
Project("{FAE04EC0-301F-11D3-BF4B-00C04F79EFBC}") = "AppLanterna.Android", "AppLanterna.Android\AppLanterna.Android.csproj", "{2FCA561A-04B7-47BD-84FB-FBA68E4BDFCC}"
EndProject
Project("{FAE04EC0-301F-11D3-BF4B-00C04F79EFBC}") = "AppLanterna.iOS", "AppLanterna.iOS\AppLanterna.iOS.csproj", "{0ACC04AE-5077-4C35-82E1-0022581A262D}"
EndProject
Project("{FAE04EC0-301F-11D3-BF4B-00C04F79EFBC}") = "AppLanterna", "AppLanterna\AppLanterna.csproj", "{53BB1721-935A-4335-A8F2-63C3B5B438E0}"
EndProject
Global
	GlobalSection(SolutionConfigurationPlatforms) = preSolution
		Debug|Any CPU = Debug|Any CPU
		Debug|iPhone = Debug|iPhone
		Debug|iPhoneSimulator = Debug|iPhoneSimulator
		Release|Any CPU = Release|Any CPU
		Release|iPhone = Release|iPhone
		Release|iPhoneSimulator = Release|iPhoneSimulator
	EndGlobalSection
	GlobalSection(ProjectConfigurationPlatforms) = postSolution
		{2FCA561A-04B7-47BD-84FB-FBA68E4BDFCC}.Debug|Any CPU.ActiveCfg = Debug|Any CPU
		{2FCA561A-04B7-47BD-84FB-FBA68E4BDFCC}.Debug|Any CPU.Build.0 = Debug|Any CPU
		{2FCA561A-04B7-47BD-84FB-FBA68E4BDFCC}.Debug|Any CPU.Deploy.0 = Debug|Any CPU
		{2FCA561A-04B7-47BD-84FB-FBA68E4BDFCC}.Debug|iPhone.ActiveCfg = Debug|Any CPU
		{2FCA561A-04B7-47BD-84FB-FBA68E4BDFCC}.Debug|iPhone.Build.0 = Debug|Any CPU
		{2FCA561A-04B7-47BD-84FB-FBA68E4BDFCC}.Debug|iPhone.Deploy.0 = Debug|Any CPU
		{2FCA561A-04B7-47BD-84FB-FBA68E4BDFCC}.Debug|iPhoneSimulator.ActiveCfg = Debug|Any CPU
		{2FCA561A-04B7-47BD-84FB-FBA68E4BDFCC}.Debug|iPhoneSimulator.Build.0 = Debug|Any CPU
		{2FCA561A-04B7-47BD-84FB-FBA68E4BDFCC}.Debug|iPhoneSimulator.Deploy.0 = Debug|Any CPU
		{2FCA561A-04B7-47BD-84FB-FBA68E4BDFCC}.Release|Any CPU.ActiveCfg = Release|Any CPU
		{2FCA561A-04B7-47BD-84FB-FBA68E4BDFCC}.Release|Any CPU.Build.0 = Release|Any CPU
		{2FCA561A-04B7-47BD-84FB-FBA68E4BDFCC}.Release|Any CPU.Deploy.0 = Release|Any CPU
		{2FCA561A-04B7-47BD-84FB-FBA68E4BDFCC}.Release|iPhone.ActiveCfg = Release|Any CPU
		{2FCA561A-04B7-47BD-84FB-FBA68E4BDFCC}.Release|iPhone.Build.0 = Release|Any CPU
		{2FCA561A-04B7-47BD-84FB-FBA68E4BDFCC}.Release|iPhone.Deploy.0 = Release|Any CPU
		{2FCA561A-04B7-47BD-84FB-FBA68E4BDFCC}.Release|iPhoneSimulator.ActiveCfg = Release|Any CPU
		{2FCA561A-04B7-47BD-84FB-FBA68E4BDFCC}.Release|iPhoneSimulator.Build.0 = Release|Any CPU
		{2FCA561A-04B7-47BD-84FB-FBA68E4BDFCC}.Release|iPhoneSimulator.Deploy.0 = Release|Any CPU
		{0ACC04AE-5077-4C35-82E1-0022581A262D}.Debug|Any CPU.ActiveCfg = Debug|iPhone
		{0ACC04AE-5077-4C35-82E1-0022581A262D}.Debug|Any CPU.Build.0 = Debug|iPhone
		{0ACC04AE-5077-4C35-82E1-0022581A262D}.Debug|Any CPU.Deploy.0 = Debug|iPhone
		{0ACC04AE-5077-4C35-82E1-0022581A262D}.Debug|iPhone.ActiveCfg = Debug|iPhone
		{0ACC04AE-5077-4C35-82E1-0022581A262D}.Debug|iPhone.Build.0 = Debug|iPhone
		{0ACC04AE-5077-4C35-82E1-0022581A262D}.Debug|iPhone.Deploy.0 = Debug|iPhone
		{0ACC04AE-5077-4C35-82E1-0022581A262D}.Debug|iPhoneSimulator.ActiveCfg = Debug|iPhoneSimulator
		{0ACC04AE-5077-4C35-82E1-0022581A262D}.Debug|iPhoneSimulator.Build.0 = Debug|iPhoneSimulator
		{0ACC04AE-5077-4C35-82E1-0022581A262D}.Debug|iPhoneSimulator.Deploy.0 = Debug|iPhoneSimulator
		{0ACC04AE-5077-4C35-82E1-0022581A262D}.Release|Any CPU.ActiveCfg = Release|iPhone
		{0ACC04AE-5077-4C35-82E1-0022581A262D}.Release|Any CPU.Build.0 = Release|iPhone
		{0ACC04AE-5077-4C35-82E1-0022581A262D}.Release|Any CPU.Deploy.0 = Release|iPhone
		{0ACC04AE-5077-4C35-82E1-0022581A262D}.Release|iPhone.ActiveCfg = Release|iPhone
		{0ACC04AE-5077-4C35-82E1-0022581A262D}.Release|iPhone.Build.0 = Release|iPhone
		{0ACC04AE-5077-4C35-82E1-0022581A262D}.Release|iPhone.Deploy.0 = Release|iPhone
		{0ACC04AE-5077-4C35-82E1-0022581A262D}.Release|iPhoneSimulator.ActiveCfg = Release|iPhoneSimulator
		{0ACC04AE-5077-4C35-82E1-0022581A262D}.Release|iPhoneSimulator.Build.0 = Release|iPhoneSimulator
		{0ACC04AE-5077-4C35-82E1-0022581A262D}.Release|iPhoneSimulator.Deploy.0 = Release|iPhoneSimulator
		{53BB1721-935A-4335-A8F2-63C3B5B438E0}.Debug|Any CPU.ActiveCfg = Debug|Any CPU
		{53BB1721-935A-4335-A8F2-63C3B5B438E0}.Debug|Any CPU.Build.0 = Debug|Any CPU
		{53BB1721-935A-4335-A8F2-63C3B5B438E0}.Debug|Any CPU.Deploy.0 = Debug|Any CPU
		{53BB1721-935A-4335-A8F2-63C3B5B438E0}.Debug|iPhone.ActiveCfg = Debug|Any CPU
		{53BB1721-935A-4335-A8F2-63C3B5B438E0}.Debug|iPhone.Build.0 = Debug|Any CPU
		{53BB1721-935A-4335-A8F2-63C3B5B438E0}.Debug|iPhone.Deploy.0 = Debug|Any CPU
		{53BB1721-935A-4335-A8F2-63C3B5B438E0}.Debug|iPhoneSimulator.ActiveCfg = Debug|Any CPU
		{53BB1721-935A-4335-A8F2-63C3B5B438E0}.Debug|iPhoneSimulator.Build.0 = Debug|Any CPU
		{53BB1721-935A-4335-A8F2-63C3B5B438E0}.Debug|iPhoneSimulator.Deploy.0 = Debug|Any CPU
		{53BB1721-935A-4335-A8F2-63C3B5B438E0}.Release|Any CPU.ActiveCfg = Release|Any CPU
		{53BB1721-935A-4335-A8F2-63C3B5B438E0}.Release|Any CPU.Build.0 = Release|Any CPU
		{53BB1721-935A-4335-A8F2-63C3B5B438E0}.Release|Any CPU.Deploy.0 = Release|Any CPU
		{53BB1721-935A-4335-A8F2-63C3B5B438E0}.Release|iPhone.ActiveCfg = Release|Any CPU
		{53BB1721-935A-4335-A8F2-63C3B5B438E0}.Release|iPhone.Build.0 = Release|Any CPU
		{53BB1721-935A-4335-A8F2-63C3B5B438E0}.Release|iPhone.Deploy.0 = Release|Any CPU
		{53BB1721-935A-4335-A8F2-63C3B5B438E0}.Release|iPhoneSimulator.ActiveCfg = Release|Any CPU
		{53BB1721-935A-4335-A8F2-63C3B5B438E0}.Release|iPhoneSimulator.Build.0 = Release|Any CPU
		{53BB1721-935A-4335-A8F2-63C3B5B438E0}.Release|iPhoneSimulator.Deploy.0 = Release|Any CPU
	EndGlobalSection
	GlobalSection(SolutionProperties) = preSolution
		HideSolutionNode = FALSE
	EndGlobalSection
	GlobalSection(ExtensibilityGlobals) = postSolution
		SolutionGuid = {5957878E-F386-46A2-B57A-CC4FC2A5F3D5}
	EndGlobalSection
EndGlobal
